
Microsoft Visual Studio Solution File, Format Version 12.00
# Visual Studio Version 17
VisualStudioVersion = 17.8.34330.188
MinimumVisualStudioVersion = 10.0.40219.1
Project("{FAE04EC0-301F-11D3-BF4B-00C04F79EFBC}") = "Hangman Game", "Hangman Game\Hangman Game.csproj", "{A035FE43-B91F-46B4-ADDC-EF083070A9FF}"
EndProject
Global
	GlobalSection(SolutionConfigurationPlatforms) = preSolution
		Debug|Any CPU = Debug|Any CPU
		Release|Any CPU = Release|Any CPU
	EndGlobalSection
	GlobalSection(ProjectConfigurationPlatforms) = postSolution
		{A035FE43-B91F-46B4-ADDC-EF083070A9FF}.Debug|Any CPU.ActiveCfg = Debug|Any CPU
		{A035FE43-B91F-46B4-ADDC-EF083070A9FF}.Debug|Any CPU.Build.0 = Debug|Any CPU
		{A035FE43-B91F-46B4-ADDC-EF083070A9FF}.Release|Any CPU.ActiveCfg = Release|Any CPU
		{A035FE43-B91F-46B4-ADDC-EF083070A9FF}.Release|Any CPU.Build.0 = Release|Any CPU
	EndGlobalSection
	GlobalSection(SolutionProperties) = preSolution
		HideSolutionNode = FALSE
	EndGlobalSection
	GlobalSection(ExtensibilityGlobals) = postSolution
		SolutionGuid = {20F0FAEE-0A28-450F-A120-FAADA8765572}
	EndGlobalSection
EndGlobal
